
Microsoft Visual Studio Solution File, Format Version 12.00
# Visual Studio Version 16
VisualStudioVersion = 16.0.30320.27
MinimumVisualStudioVersion = 10.0.40219.1
Project("{FAE04EC0-301F-11D3-BF4B-00C04F79EFBC}") = "Runkosarja", "Runkosarja\Runkosarja.csproj", "{F503E113-5296-43D6-8BF9-FF1EDB67D5EA}"
EndProject
Global
	GlobalSection(SolutionConfigurationPlatforms) = preSolution
		Debug|Any CPU = Debug|Any CPU
		Release|Any CPU = Release|Any CPU
	EndGlobalSection
	GlobalSection(ProjectConfigurationPlatforms) = postSolution
		{F503E113-5296-43D6-8BF9-FF1EDB67D5EA}.Debug|Any CPU.ActiveCfg = Debug|Any CPU
		{F503E113-5296-43D6-8BF9-FF1EDB67D5EA}.Debug|Any CPU.Build.0 = Debug|Any CPU
		{F503E113-5296-43D6-8BF9-FF1EDB67D5EA}.Release|Any CPU.ActiveCfg = Release|Any CPU
		{F503E113-5296-43D6-8BF9-FF1EDB67D5EA}.Release|Any CPU.Build.0 = Release|Any CPU
	EndGlobalSection
	GlobalSection(SolutionProperties) = preSolution
		HideSolutionNode = FALSE
	EndGlobalSection
	GlobalSection(ExtensibilityGlobals) = postSolution
		SolutionGuid = {BDD0CA5A-60D5-413F-815A-24CBCF8D8469}
	EndGlobalSection
EndGlobal
